
Microsoft Visual Studio Solution File, Format Version 12.00
# Visual Studio Version 16
VisualStudioVersion = 16.0.29613.14
MinimumVisualStudioVersion = 10.0.40219.1
Project("{FAE04EC0-301F-11D3-BF4B-00C04F79EFBC}") = "RocketLauncher.App", "RocketLauncher.App\RocketLauncher.App.csproj", "{52E071D5-E2AC-4B72-B514-D3DC385FB267}"
EndProject
Project("{FAE04EC0-301F-11D3-BF4B-00C04F79EFBC}") = "SatelliteSelection", "SatelliteSelection\SatelliteSelection.csproj", "{33CFF38C-0F83-4F5B-8D95-90EB4544DFA4}"
EndProject
Global
	GlobalSection(SolutionConfigurationPlatforms) = preSolution
		Debug|Any CPU = Debug|Any CPU
		Release|Any CPU = Release|Any CPU
	EndGlobalSection
	GlobalSection(ProjectConfigurationPlatforms) = postSolution
		{52E071D5-E2AC-4B72-B514-D3DC385FB267}.Debug|Any CPU.ActiveCfg = Debug|Any CPU
		{52E071D5-E2AC-4B72-B514-D3DC385FB267}.Debug|Any CPU.Build.0 = Debug|Any CPU
		{52E071D5-E2AC-4B72-B514-D3DC385FB267}.Release|Any CPU.ActiveCfg = Release|Any CPU
		{52E071D5-E2AC-4B72-B514-D3DC385FB267}.Release|Any CPU.Build.0 = Release|Any CPU
		{33CFF38C-0F83-4F5B-8D95-90EB4544DFA4}.Debug|Any CPU.ActiveCfg = Debug|Any CPU
		{33CFF38C-0F83-4F5B-8D95-90EB4544DFA4}.Debug|Any CPU.Build.0 = Debug|Any CPU
		{33CFF38C-0F83-4F5B-8D95-90EB4544DFA4}.Release|Any CPU.ActiveCfg = Release|Any CPU
		{33CFF38C-0F83-4F5B-8D95-90EB4544DFA4}.Release|Any CPU.Build.0 = Release|Any CPU
	EndGlobalSection
	GlobalSection(SolutionProperties) = preSolution
		HideSolutionNode = FALSE
	EndGlobalSection
	GlobalSection(ExtensibilityGlobals) = postSolution
		SolutionGuid = {F0E15BA1-9D70-487F-A8C5-4358473F96E0}
	EndGlobalSection
EndGlobal
